
Microsoft Visual Studio Solution File, Format Version 12.00
# Visual Studio 15
VisualStudioVersion = 15.0.28307.902
MinimumVisualStudioVersion = 10.0.40219.1
Project("{FAE04EC0-301F-11D3-BF4B-00C04F79EFBC}") = "ConsoleUI", "ConsoleUI\ConsoleUI.csproj", "{8224A124-78FD-4D6D-AE2E-A07586FF6043}"
EndProject
Global
	GlobalSection(SolutionConfigurationPlatforms) = preSolution
		Debug|Any CPU = Debug|Any CPU
		Release|Any CPU = Release|Any CPU
	EndGlobalSection
	GlobalSection(ProjectConfigurationPlatforms) = postSolution
		{8224A124-78FD-4D6D-AE2E-A07586FF6043}.Debug|Any CPU.ActiveCfg = Debug|Any CPU
		{8224A124-78FD-4D6D-AE2E-A07586FF6043}.Debug|Any CPU.Build.0 = Debug|Any CPU
		{8224A124-78FD-4D6D-AE2E-A07586FF6043}.Release|Any CPU.ActiveCfg = Release|Any CPU
		{8224A124-78FD-4D6D-AE2E-A07586FF6043}.Release|Any CPU.Build.0 = Release|Any CPU
	EndGlobalSection
	GlobalSection(SolutionProperties) = preSolution
		HideSolutionNode = FALSE
	EndGlobalSection
	GlobalSection(ExtensibilityGlobals) = postSolution
		SolutionGuid = {C77BF9DA-32F9-43E2-BFE4-F4BD43C12811}
	EndGlobalSection
EndGlobal
